{
    "_readme": [
        "This file locks the dependencies of your project to a known state",
        "Read more about it at https://getcomposer.org/doc/01-basic-usage.md#installing-dependencies",
        "This file is @generated automatically"
    ],
    "content-hash": "2678685d6375801bbcf465fe5a3c0a29",
    "packages": [
        {
            "name": "grizzlyware/salmon",
            "version": "1.0.1",
            "source": {
                "type": "git",
                "url": "https://github.com/grizzlyware/salmon.git",
                "reference": "20277404372b3e594315d5d96e79b9bf58dddb1a"
            },
            "dist": {
                "type": "zip",
                "url": "https://api.github.com/repos/grizzlyware/salmon/zipball/20277404372b3e594315d5d96e79b9bf58dddb1a",
                "reference": "20277404372b3e594315d5d96e79b9bf58dddb1a",
                "shasum": ""
            },
            "require": {
                "php": ">=5.6.0"
            },
            "type": "library",
            "autoload": {
                "psr-4": {
                    "Grizzlyware\\Salmon\\": "src/Grizzlyware/Salmon"
                }
            },
            "notification-url": "https://packagist.org/downloads/",
            "license": [
                "GPL-3.0-only"
            ],
            "authors": [
                {
                    "name": "Grizzlyware Ltd",
                    "email": "contact@grizzlyware.io"
                }
            ],
            "description": "Grizzly bears eat salmon",
            "support": {
                "issues": "https://github.com/grizzlyware/salmon/issues",
                "source": "https://github.com/grizzlyware/salmon/tree/master"
            },
            "time": "2019-06-24T15:27:28+00:00"
        },
        {
            "name": "grizzlyware/salmon-whmcs",
            "version": "V1.1.1",
            "source": {
                "type": "git",
                "url": "https://github.com/grizzlyware/salmon-whmcs.git",
                "reference": "344a34bb97a4276bc26d8f1729c4febeb413de2a"
            },
            "dist": {
                "type": "zip",
                "url": "https://api.github.com/repos/grizzlyware/salmon-whmcs/zipball/344a34bb97a4276bc26d8f1729c4febeb413de2a",
                "reference": "344a34bb97a4276bc26d8f1729c4febeb413de2a",
                "shasum": ""
            },
            "require": {
                "grizzlyware/salmon": "~1",
                "php": ">=5.6.0"
            },
            "type": "library",
            "autoload": {
                "psr-4": {
                    "Grizzlyware\\Salmon\\WHMCS\\": "src/Grizzlyware/Salmon/WHMCS"
                }
            },
            "notification-url": "https://packagist.org/downloads/",
            "license": [
                "GPL-3.0-only"
            ],
            "authors": [
                {
                    "name": "Grizzlyware Ltd",
                    "email": "contact@grizzlyware.io"
                }
            ],
            "description": "Grizzly bears eat salmon",
            "support": {
                "issues": "https://github.com/grizzlyware/salmon-whmcs/issues",
                "source": "https://github.com/grizzlyware/salmon-whmcs/tree/V1.1.1"
            },
            "time": "2021-03-16T10:50:19+00:00"
        },
        {
            "name": "krystal/katapult",
            "version": "v2.1",
            "source": {
                "type": "git",
                "url": "https://github.com/krystal/katapult-php.git",
                "reference": "65c8ad7f44de09724a1085e5defcafee5cd24c43"
            },
            "dist": {
                "type": "zip",
                "url": "https://api.github.com/repos/krystal/katapult-php/zipball/65c8ad7f44de09724a1085e5defcafee5cd24c43",
                "reference": "65c8ad7f44de09724a1085e5defcafee5cd24c43",
                "shasum": ""
            },
            "require": {
                "guzzlehttp/guzzle": "^7.2",
                "php": "^7.4"
            },
            "require-dev": {
                "pestphp/pest": "^1.0",
                "phpunit/phpunit": "^9.5"
            },
            "type": "library",
            "autoload": {
                "psr-4": {
                    "Krystal\\Katapult\\": "src"
                }
            },
            "notification-url": "https://packagist.org/downloads/",
            "license": [
                "MIT"
            ],
            "authors": [
                {
                    "name": "Josh Bonfield",
                    "email": "josh@grizzlyware.com",
                    "role": "Developer"
                }
            ],
            "description": "API library for Katapult cloud platform",
            "homepage": "https://github.com/krystal/katapult",
            "keywords": [
                "katapult",
                "krystal"
            ],
            "support": {
                "issues": "https://github.com/krystal/katapult-php/issues",
                "source": "https://github.com/krystal/katapult-php/tree/v2.1"
            },
            "time": "2021-03-15T18:14:12+00:00"
        }
    ],
    "packages-dev": [],
    "aliases": [],
    "minimum-stability": "stable",
    "stability-flags": [],
    "prefer-stable": false,
    "prefer-lowest": false,
    "platform": [],
    "platform-dev": [],
    "plugin-api-version": "2.0.0"
}
